// !$*UTF8*$!
{
	archiveVersion = 1;
	classes = {
	};
	objectVersion = 55;
	objects = {

/* Begin PBXBuildFile section */
		3238FD152857110F00550781 /* CourseLessonRowView.swift in Sources */ = {isa = PBXBuildFile; fileRef = 3238FD142857110F00550781 /* CourseLessonRowView.swift */; };
		3238FD18285726CD00550781 /* QuizQuestionView.swift in Sources */ = {isa = PBXBuildFile; fileRef = 3238FD17285726CD00550781 /* QuizQuestionView.swift */; };
		3238FD1A2857279C00550781 /* QuizQuestion+Sample.swift in Sources */ = {isa = PBXBuildFile; fileRef = 3238FD192857279C00550781 /* QuizQuestion+Sample.swift */; };
		3238FD1C285728A700550781 /* QuizOptionRichText.swift in Sources */ = {isa = PBXBuildFile; fileRef = 3238FD1B285728A700550781 /* QuizOptionRichText.swift */; };
		3238FD1E28573D4C00550781 /* QuizView.swift in Sources */ = {isa = PBXBuildFile; fileRef = 3238FD1D28573D4B00550781 /* QuizView.swift */; };
		3283034428563CC900414E6E /* Course+Preview.swift in Sources */ = {isa = PBXBuildFile; fileRef = 3283034328563CC900414E6E /* Course+Preview.swift */; };
		32830346285649E200414E6E /* CourseProgressView.swift in Sources */ = {isa = PBXBuildFile; fileRef = 32830345285649E200414E6E /* CourseProgressView.swift */; };
		328303492856501C00414E6E /* ExploreView.swift in Sources */ = {isa = PBXBuildFile; fileRef = 328303482856501C00414E6E /* ExploreView.swift */; };
		328A3BF82856644100FA0F6D /* CourseView.swift in Sources */ = {isa = PBXBuildFile; fileRef = 328A3BF72856644100FA0F6D /* CourseView.swift */; };
		328A3BFB2856667C00FA0F6D /* CourseBannerView.swift in Sources */ = {isa = PBXBuildFile; fileRef = 328A3BFA2856667C00FA0F6D /* CourseBannerView.swift */; };
		328A3BFE2856FBF600FA0F6D /* CGFloat+SafeAreaInsets.swift in Sources */ = {isa = PBXBuildFile; fileRef = 328A3BFD2856FBF600FA0F6D /* CGFloat+SafeAreaInsets.swift */; };
		328A3C002856FD0F00FA0F6D /* URL+Preview.swift in Sources */ = {isa = PBXBuildFile; fileRef = 328A3BFF2856FD0F00FA0F6D /* URL+Preview.swift */; };
		328A3C022856FFF000FA0F6D /* CourseHeaderView.swift in Sources */ = {isa = PBXBuildFile; fileRef = 328A3C012856FFF000FA0F6D /* CourseHeaderView.swift */; };
		328A3C0528570AD300FA0F6D /* UnitView.swift in Sources */ = {isa = PBXBuildFile; fileRef = 328A3C0428570AD300FA0F6D /* UnitView.swift */; };
		328A3C0728570C8600FA0F6D /* LessonUnit+Preview.swift in Sources */ = {isa = PBXBuildFile; fileRef = 328A3C0628570C8600FA0F6D /* LessonUnit+Preview.swift */; };
		328A3C0928570DB500FA0F6D /* LessonView.swift in Sources */ = {isa = PBXBuildFile; fileRef = 328A3C0828570DB500FA0F6D /* LessonView.swift */; };
		328F794C2856142B00E65FEB /* SEBApp.swift in Sources */ = {isa = PBXBuildFile; fileRef = 328F794B2856142B00E65FEB /* SEBApp.swift */; };
		328F794E2856142B00E65FEB /* ContentView.swift in Sources */ = {isa = PBXBuildFile; fileRef = 328F794D2856142B00E65FEB /* ContentView.swift */; };
		328F79502856142D00E65FEB /* Assets.xcassets in Resources */ = {isa = PBXBuildFile; fileRef = 328F794F2856142D00E65FEB /* Assets.xcassets */; };
		328F79532856142D00E65FEB /* Preview Assets.xcassets in Resources */ = {isa = PBXBuildFile; fileRef = 328F79522856142D00E65FEB /* Preview Assets.xcassets */; };
		328F795D28561B0D00E65FEB /* CircularProgressView.swift in Sources */ = {isa = PBXBuildFile; fileRef = 328F795C28561B0D00E65FEB /* CircularProgressView.swift */; };
		328F795F28561B5100E65FEB /* LearnView.swift in Sources */ = {isa = PBXBuildFile; fileRef = 328F795E28561B5100E65FEB /* LearnView.swift */; };
		328F796128561B5A00E65FEB /* BadgesView.swift in Sources */ = {isa = PBXBuildFile; fileRef = 328F796028561B5A00E65FEB /* BadgesView.swift */; };
		328F796328561B6100E65FEB /* ProfileView.swift in Sources */ = {isa = PBXBuildFile; fileRef = 328F796228561B6100E65FEB /* ProfileView.swift */; };
		328F796828561C9F00E65FEB /* ProgressRingsView.swift in Sources */ = {isa = PBXBuildFile; fileRef = 328F796728561C9F00E65FEB /* ProgressRingsView.swift */; };
		328F796A28561CC500E65FEB /* ProgressRingView.swift in Sources */ = {isa = PBXBuildFile; fileRef = 328F796928561CC500E65FEB /* ProgressRingView.swift */; };
		32D74CFB2856264000674AFE /* Course.swift in Sources */ = {isa = PBXBuildFile; fileRef = 32D74CFA2856264000674AFE /* Course.swift */; };
		32D74CFD2856267100674AFE /* CourseCategory.swift in Sources */ = {isa = PBXBuildFile; fileRef = 32D74CFC2856267100674AFE /* CourseCategory.swift */; };
		32D74CFF2856271100674AFE /* CourseLesson.swift in Sources */ = {isa = PBXBuildFile; fileRef = 32D74CFE2856271100674AFE /* CourseLesson.swift */; };
		32D74D012856277E00674AFE /* LessonUnit.swift in Sources */ = {isa = PBXBuildFile; fileRef = 32D74D002856277E00674AFE /* LessonUnit.swift */; };
		32D74D03285627C400674AFE /* UnitRichText.swift in Sources */ = {isa = PBXBuildFile; fileRef = 32D74D02285627C400674AFE /* UnitRichText.swift */; };
		32D74D05285627D600674AFE /* UnitRichText+TextType.swift in Sources */ = {isa = PBXBuildFile; fileRef = 32D74D04285627D600674AFE /* UnitRichText+TextType.swift */; };
		32D74D0A28562CAB00674AFE /* UserViewModel.swift in Sources */ = {isa = PBXBuildFile; fileRef = 32D74D0928562CAB00674AFE /* UserViewModel.swift */; };
		32D74D0E28562CFA00674AFE /* User.swift in Sources */ = {isa = PBXBuildFile; fileRef = 32D74D0D28562CFA00674AFE /* User.swift */; };
		32D74D1028562DE700674AFE /* QuizQuestion.swift in Sources */ = {isa = PBXBuildFile; fileRef = 32D74D0F28562DE700674AFE /* QuizQuestion.swift */; };
		32D74D12285637B400674AFE /* RichTextView.swift in Sources */ = {isa = PBXBuildFile; fileRef = 32D74D11285637B400674AFE /* RichTextView.swift */; };
		32D74D142856390600674AFE /* CoursesView.swift in Sources */ = {isa = PBXBuildFile; fileRef = 32D74D132856390600674AFE /* CoursesView.swift */; };
		32D74D182856395100674AFE /* CourseCardView.swift in Sources */ = {isa = PBXBuildFile; fileRef = 32D74D172856395100674AFE /* CourseCardView.swift */; };
		32DE62AD2857A61A00553FE1 /* Course+DummyCourse.swift in Sources */ = {isa = PBXBuildFile; fileRef = 32DE62AC2857A61A00553FE1 /* Course+DummyCourse.swift */; };
		32DE62B12857AFC700553FE1 /* Rings.swift in Sources */ = {isa = PBXBuildFile; fileRef = 32DE62B02857AFC700553FE1 /* Rings.swift */; };
		32DE62B62857B7D500553FE1 /* FirebaseAuth in Frameworks */ = {isa = PBXBuildFile; productRef = 32DE62B52857B7D500553FE1 /* FirebaseAuth */; };
		32DE62B82857B7D500553FE1 /* FirebaseAuthCombine-Community in Frameworks */ = {isa = PBXBuildFile; productRef = 32DE62B72857B7D500553FE1 /* FirebaseAuthCombine-Community */; };
		32DE62BA2857B7D500553FE1 /* FirebaseDatabase in Frameworks */ = {isa = PBXBuildFile; productRef = 32DE62B92857B7D500553FE1 /* FirebaseDatabase */; };
		32DE62BC2857B7D500553FE1 /* FirebaseDatabaseSwift in Frameworks */ = {isa = PBXBuildFile; productRef = 32DE62BB2857B7D500553FE1 /* FirebaseDatabaseSwift */; };
		32DE62BE2857B7D500553FE1 /* FirebaseFirestore in Frameworks */ = {isa = PBXBuildFile; productRef = 32DE62BD2857B7D500553FE1 /* FirebaseFirestore */; };
		32DE62C02857B7D500553FE1 /* FirebaseFirestoreCombine-Community in Frameworks */ = {isa = PBXBuildFile; productRef = 32DE62BF2857B7D500553FE1 /* FirebaseFirestoreCombine-Community */; };
		32DE62C22857B7D500553FE1 /* FirebaseFirestoreSwift in Frameworks */ = {isa = PBXBuildFile; productRef = 32DE62C12857B7D500553FE1 /* FirebaseFirestoreSwift */; };
		32DE62C42857B8D100553FE1 /* GoogleService-Info.plist in Resources */ = {isa = PBXBuildFile; fileRef = 32DE62C32857B8D100553FE1 /* GoogleService-Info.plist */; };
/* End PBXBuildFile section */

/* Begin PBXFileReference section */
		3238FD142857110F00550781 /* CourseLessonRowView.swift */ = {isa = PBXFileReference; lastKnownFileType = sourcecode.swift; path = CourseLessonRowView.swift; sourceTree = "<group>"; };
		3238FD17285726CD00550781 /* QuizQuestionView.swift */ = {isa = PBXFileReference; lastKnownFileType = sourcecode.swift; path = QuizQuestionView.swift; sourceTree = "<group>"; };
		3238FD192857279C00550781 /* QuizQuestion+Sample.swift */ = {isa = PBXFileReference; lastKnownFileType = sourcecode.swift; path = "QuizQuestion+Sample.swift"; sourceTree = "<group>"; };
		3238FD1B285728A700550781 /* QuizOptionRichText.swift */ = {isa = PBXFileReference; lastKnownFileType = sourcecode.swift; path = QuizOptionRichText.swift; sourceTree = "<group>"; };
		3238FD1D28573D4B00550781 /* QuizView.swift */ = {isa = PBXFileReference; lastKnownFileType = sourcecode.swift; path = QuizView.swift; sourceTree = "<group>"; };
		3283034328563CC900414E6E /* Course+Preview.swift */ = {isa = PBXFileReference; lastKnownFileType = sourcecode.swift; path = "Course+Preview.swift"; sourceTree = "<group>"; };
		32830345285649E200414E6E /* CourseProgressView.swift */ = {isa = PBXFileReference; lastKnownFileType = sourcecode.swift; path = CourseProgressView.swift; sourceTree = "<group>"; };
		328303482856501C00414E6E /* ExploreView.swift */ = {isa = PBXFileReference; lastKnownFileType = sourcecode.swift; path = ExploreView.swift; sourceTree = "<group>"; };
		328A3BF72856644100FA0F6D /* CourseView.swift */ = {isa = PBXFileReference; lastKnownFileType = sourcecode.swift; path = CourseView.swift; sourceTree = "<group>"; };
		328A3BFA2856667C00FA0F6D /* CourseBannerView.swift */ = {isa = PBXFileReference; lastKnownFileType = sourcecode.swift; path = CourseBannerView.swift; sourceTree = "<group>"; };
		328A3BFD2856FBF600FA0F6D /* CGFloat+SafeAreaInsets.swift */ = {isa = PBXFileReference; lastKnownFileType = sourcecode.swift; path = "CGFloat+SafeAreaInsets.swift"; sourceTree = "<group>"; };
		328A3BFF2856FD0F00FA0F6D /* URL+Preview.swift */ = {isa = PBXFileReference; lastKnownFileType = sourcecode.swift; path = "URL+Preview.swift"; sourceTree = "<group>"; };
		328A3C012856FFF000FA0F6D /* CourseHeaderView.swift */ = {isa = PBXFileReference; lastKnownFileType = sourcecode.swift; path = CourseHeaderView.swift; sourceTree = "<group>"; };
		328A3C0428570AD300FA0F6D /* UnitView.swift */ = {isa = PBXFileReference; lastKnownFileType = sourcecode.swift; path = UnitView.swift; sourceTree = "<group>"; };
		328A3C0628570C8600FA0F6D /* LessonUnit+Preview.swift */ = {isa = PBXFileReference; lastKnownFileType = sourcecode.swift; path = "LessonUnit+Preview.swift"; sourceTree = "<group>"; };
		328A3C0828570DB500FA0F6D /* LessonView.swift */ = {isa = PBXFileReference; lastKnownFileType = sourcecode.swift; path = LessonView.swift; sourceTree = "<group>"; };
		328F79482856142B00E65FEB /* SEB.app */ = {isa = PBXFileReference; explicitFileType = wrapper.application; includeInIndex = 0; path = SEB.app; sourceTree = BUILT_PRODUCTS_DIR; };
		328F794B2856142B00E65FEB /* SEBApp.swift */ = {isa = PBXFileReference; lastKnownFileType = sourcecode.swift; path = SEBApp.swift; sourceTree = "<group>"; };
		328F794D2856142B00E65FEB /* ContentView.swift */ = {isa = PBXFileReference; lastKnownFileType = sourcecode.swift; path = ContentView.swift; sourceTree = "<group>"; };
		328F794F2856142D00E65FEB /* Assets.xcassets */ = {isa = PBXFileReference; lastKnownFileType = folder.assetcatalog; path = Assets.xcassets; sourceTree = "<group>"; };
		328F79522856142D00E65FEB /* Preview Assets.xcassets */ = {isa = PBXFileReference; lastKnownFileType = folder.assetcatalog; path = "Preview Assets.xcassets"; sourceTree = "<group>"; };
		328F795C28561B0D00E65FEB /* CircularProgressView.swift */ = {isa = PBXFileReference; lastKnownFileType = sourcecode.swift; path = CircularProgressView.swift; sourceTree = "<group>"; };
		328F795E28561B5100E65FEB /* LearnView.swift */ = {isa = PBXFileReference; lastKnownFileType = sourcecode.swift; path = LearnView.swift; sourceTree = "<group>"; };
		328F796028561B5A00E65FEB /* BadgesView.swift */ = {isa = PBXFileReference; lastKnownFileType = sourcecode.swift; path = BadgesView.swift; sourceTree = "<group>"; };
		328F796228561B6100E65FEB /* ProfileView.swift */ = {isa = PBXFileReference; lastKnownFileType = sourcecode.swift; path = ProfileView.swift; sourceTree = "<group>"; };
		328F796728561C9F00E65FEB /* ProgressRingsView.swift */ = {isa = PBXFileReference; lastKnownFileType = sourcecode.swift; path = ProgressRingsView.swift; sourceTree = "<group>"; };
		328F796928561CC500E65FEB /* ProgressRingView.swift */ = {isa = PBXFileReference; lastKnownFileType = sourcecode.swift; path = ProgressRingView.swift; sourceTree = "<group>"; };
		32D74CFA2856264000674AFE /* Course.swift */ = {isa = PBXFileReference; lastKnownFileType = sourcecode.swift; path = Course.swift; sourceTree = "<group>"; };
		32D74CFC2856267100674AFE /* CourseCategory.swift */ = {isa = PBXFileReference; lastKnownFileType = sourcecode.swift; path = CourseCategory.swift; sourceTree = "<group>"; };
		32D74CFE2856271100674AFE /* CourseLesson.swift */ = {isa = PBXFileReference; lastKnownFileType = sourcecode.swift; path = CourseLesson.swift; sourceTree = "<group>"; };
		32D74D002856277E00674AFE /* LessonUnit.swift */ = {isa = PBXFileReference; lastKnownFileType = sourcecode.swift; path = LessonUnit.swift; sourceTree = "<group>"; };
		32D74D02285627C400674AFE /* UnitRichText.swift */ = {isa = PBXFileReference; lastKnownFileType = sourcecode.swift; path = UnitRichText.swift; sourceTree = "<group>"; };
		32D74D04285627D600674AFE /* UnitRichText+TextType.swift */ = {isa = PBXFileReference; lastKnownFileType = sourcecode.swift; path = "UnitRichText+TextType.swift"; sourceTree = "<group>"; };
		32D74D0928562CAB00674AFE /* UserViewModel.swift */ = {isa = PBXFileReference; lastKnownFileType = sourcecode.swift; path = UserViewModel.swift; sourceTree = "<group>"; };
		32D74D0D28562CFA00674AFE /* User.swift */ = {isa = PBXFileReference; lastKnownFileType = sourcecode.swift; path = User.swift; sourceTree = "<group>"; };
		32D74D0F28562DE700674AFE /* QuizQuestion.swift */ = {isa = PBXFileReference; lastKnownFileType = sourcecode.swift; path = QuizQuestion.swift; sourceTree = "<group>"; };
		32D74D11285637B400674AFE /* RichTextView.swift */ = {isa = PBXFileReference; lastKnownFileType = sourcecode.swift; path = RichTextView.swift; sourceTree = "<group>"; };
		32D74D132856390600674AFE /* CoursesView.swift */ = {isa = PBXFileReference; lastKnownFileType = sourcecode.swift; path = CoursesView.swift; sourceTree = "<group>"; };
		32D74D172856395100674AFE /* CourseCardView.swift */ = {isa = PBXFileReference; lastKnownFileType = sourcecode.swift; path = CourseCardView.swift; sourceTree = "<group>"; };
		32DE62AC2857A61A00553FE1 /* Course+DummyCourse.swift */ = {isa = PBXFileReference; lastKnownFileType = sourcecode.swift; path = "Course+DummyCourse.swift"; sourceTree = "<group>"; };
		32DE62B02857AFC700553FE1 /* Rings.swift */ = {isa = PBXFileReference; lastKnownFileType = sourcecode.swift; path = Rings.swift; sourceTree = "<group>"; };
		32DE62C32857B8D100553FE1 /* GoogleService-Info.plist */ = {isa = PBXFileReference; fileEncoding = 4; lastKnownFileType = text.plist.xml; path = "GoogleService-Info.plist"; sourceTree = "<group>"; };
/* End PBXFileReference section */

/* Begin PBXFrameworksBuildPhase section */
		328F79452856142B00E65FEB /* Frameworks */ = {
			isa = PBXFrameworksBuildPhase;
			buildActionMask = 2147483647;
			files = (
				32DE62BC2857B7D500553FE1 /* FirebaseDatabaseSwift in Frameworks */,
				32DE62BA2857B7D500553FE1 /* FirebaseDatabase in Frameworks */,
				32DE62B62857B7D500553FE1 /* FirebaseAuth in Frameworks */,
				32DE62C22857B7D500553FE1 /* FirebaseFirestoreSwift in Frameworks */,
				32DE62C02857B7D500553FE1 /* FirebaseFirestoreCombine-Community in Frameworks */,
				32DE62BE2857B7D500553FE1 /* FirebaseFirestore in Frameworks */,
				32DE62B82857B7D500553FE1 /* FirebaseAuthCombine-Community in Frameworks */,
			);
			runOnlyForDeploymentPostprocessing = 0;
		};
/* End PBXFrameworksBuildPhase section */

/* Begin PBXGroup section */
		3238FD16285726C400550781 /* Quiz */ = {
			isa = PBXGroup;
			children = (
				3238FD1D28573D4B00550781 /* QuizView.swift */,
				3238FD17285726CD00550781 /* QuizQuestionView.swift */,
				3238FD1B285728A700550781 /* QuizOptionRichText.swift */,
			);
			path = Quiz;
			sourceTree = "<group>";
		};
		3283034728564FEE00414E6E /* Explore View */ = {
			isa = PBXGroup;
			children = (
				328303482856501C00414E6E /* ExploreView.swift */,
			);
			path = "Explore View";
			sourceTree = "<group>";
		};
		3283034A28565DDB00414E6E /* Courses View */ = {
			isa = PBXGroup;
			children = (
				32D74D172856395100674AFE /* CourseCardView.swift */,
				3283034728564FEE00414E6E /* Explore View */,
				32D74D162856394700674AFE /* My Courses View */,
			);
			path = "Courses View";
			sourceTree = "<group>";
		};
		328A3BF92856667400FA0F6D /* Course View */ = {
			isa = PBXGroup;
			children = (
				328A3BF72856644100FA0F6D /* CourseView.swift */,
				3238FD142857110F00550781 /* CourseLessonRowView.swift */,
				328A3C012856FFF000FA0F6D /* CourseHeaderView.swift */,
				328A3BFA2856667C00FA0F6D /* CourseBannerView.swift */,
				328A3C0328570AB200FA0F6D /* Lesson */,
				3238FD16285726C400550781 /* Quiz */,
			);
			path = "Course View";
			sourceTree = "<group>";
		};
		328A3BFC2856FBEB00FA0F6D /* Constants */ = {
			isa = PBXGroup;
			children = (
				328A3BFD2856FBF600FA0F6D /* CGFloat+SafeAreaInsets.swift */,
				32DE62C32857B8D100553FE1 /* GoogleService-Info.plist */,
			);
			path = Constants;
			sourceTree = "<group>";
		};
		328A3C0328570AB200FA0F6D /* Lesson */ = {
			isa = PBXGroup;
			children = (
				328A3C0828570DB500FA0F6D /* LessonView.swift */,
				328A3C0428570AD300FA0F6D /* UnitView.swift */,
			);
			path = Lesson;
			sourceTree = "<group>";
		};
		328F793F2856142B00E65FEB = {
			isa = PBXGroup;
			children = (
				328F794A2856142B00E65FEB /* SEB */,
				328F79492856142B00E65FEB /* Products */,
			);
			sourceTree = "<group>";
		};
		328F79492856142B00E65FEB /* Products */ = {
			isa = PBXGroup;
			children = (
				328F79482856142B00E65FEB /* SEB.app */,
			);
			name = Products;
			sourceTree = "<group>";
		};
		328F794A2856142B00E65FEB /* SEB */ = {
			isa = PBXGroup;
			children = (
				328F794B2856142B00E65FEB /* SEBApp.swift */,
				328A3BFC2856FBEB00FA0F6D /* Constants */,
				328F795B28561AA300E65FEB /* View Model */,
				328F795A28561A9E00E65FEB /* View */,
				328F795928561A9700E65FEB /* Model */,
				328F794F2856142D00E65FEB /* Assets.xcassets */,
				328F79512856142D00E65FEB /* Preview Content */,
			);
			path = SEB;
			sourceTree = "<group>";
		};
		328F79512856142D00E65FEB /* Preview Content */ = {
			isa = PBXGroup;
			children = (
				328F79522856142D00E65FEB /* Preview Assets.xcassets */,
				3283034328563CC900414E6E /* Course+Preview.swift */,
				328A3C0628570C8600FA0F6D /* LessonUnit+Preview.swift */,
				3238FD192857279C00550781 /* QuizQuestion+Sample.swift */,
				328A3BFF2856FD0F00FA0F6D /* URL+Preview.swift */,
			);
			path = "Preview Content";
			sourceTree = "<group>";
		};
		328F795928561A9700E65FEB /* Model */ = {
			isa = PBXGroup;
			children = (
				32D74D0C28562CD800674AFE /* User */,
				32D74D0B28562CD100674AFE /* Course */,
			);
			path = Model;
			sourceTree = "<group>";
		};
		328F795A28561A9E00E65FEB /* View */ = {
			isa = PBXGroup;
			children = (
				328F794D2856142B00E65FEB /* ContentView.swift */,
				328F796428561BCD00E65FEB /* Learn */,
				328F796528561BD100E65FEB /* Badges */,
				328F796628561BD600E65FEB /* Profile */,
				328F795C28561B0D00E65FEB /* CircularProgressView.swift */,
			);
			path = View;
			sourceTree = "<group>";
		};
		328F795B28561AA300E65FEB /* View Model */ = {
			isa = PBXGroup;
			children = (
				32D74D0928562CAB00674AFE /* UserViewModel.swift */,
			);
			path = "View Model";
			sourceTree = "<group>";
		};
		328F796428561BCD00E65FEB /* Learn */ = {
			isa = PBXGroup;
			children = (
				328F795E28561B5100E65FEB /* LearnView.swift */,
				328A3BF92856667400FA0F6D /* Course View */,
				3283034A28565DDB00414E6E /* Courses View */,
				32D74D152856391A00674AFE /* Progress Rings */,
				32D74D11285637B400674AFE /* RichTextView.swift */,
			);
			path = Learn;
			sourceTree = "<group>";
		};
		328F796528561BD100E65FEB /* Badges */ = {
			isa = PBXGroup;
			children = (
				328F796028561B5A00E65FEB /* BadgesView.swift */,
			);
			path = Badges;
			sourceTree = "<group>";
		};
		328F796628561BD600E65FEB /* Profile */ = {
			isa = PBXGroup;
			children = (
				328F796228561B6100E65FEB /* ProfileView.swift */,
			);
			path = Profile;
			sourceTree = "<group>";
		};
		32D74D0B28562CD100674AFE /* Course */ = {
			isa = PBXGroup;
			children = (
				32D74CFA2856264000674AFE /* Course.swift */,
				32DE62AC2857A61A00553FE1 /* Course+DummyCourse.swift */,
				32D74CFE2856271100674AFE /* CourseLesson.swift */,
				32D74D002856277E00674AFE /* LessonUnit.swift */,
				32D74D02285627C400674AFE /* UnitRichText.swift */,
				32D74D0F28562DE700674AFE /* QuizQuestion.swift */,
				32D74D04285627D600674AFE /* UnitRichText+TextType.swift */,
				32D74CFC2856267100674AFE /* CourseCategory.swift */,
			);
			path = Course;
			sourceTree = "<group>";
		};
		32D74D0C28562CD800674AFE /* User */ = {
			isa = PBXGroup;
			children = (
				32D74D0D28562CFA00674AFE /* User.swift */,
				32DE62B02857AFC700553FE1 /* Rings.swift */,
			);
			path = User;
			sourceTree = "<group>";
		};
		32D74D152856391A00674AFE /* Progress Rings */ = {
			isa = PBXGroup;
			children = (
				328F796728561C9F00E65FEB /* ProgressRingsView.swift */,
				328F796928561CC500E65FEB /* ProgressRingView.swift */,
			);
			path = "Progress Rings";
			sourceTree = "<group>";
		};
		32D74D162856394700674AFE /* My Courses View */ = {
			isa = PBXGroup;
			children = (
				32D74D132856390600674AFE /* CoursesView.swift */,
				32830345285649E200414E6E /* CourseProgressView.swift */,
			);
			path = "My Courses View";
			sourceTree = "<group>";
		};
/* End PBXGroup section */

/* Begin PBXNativeTarget section */
		328F79472856142B00E65FEB /* SEB */ = {
			isa = PBXNativeTarget;
			buildConfigurationList = 328F79562856142D00E65FEB /* Build configuration list for PBXNativeTarget "SEB" */;
			buildPhases = (
				328F79442856142B00E65FEB /* Sources */,
				328F79452856142B00E65FEB /* Frameworks */,
				328F79462856142B00E65FEB /* Resources */,
				32D74D0828562A9B00674AFE /* SwiftLint */,
			);
			buildRules = (
			);
			dependencies = (
			);
			name = SEB;
			packageProductDependencies = (
				32DE62B52857B7D500553FE1 /* FirebaseAuth */,
				32DE62B72857B7D500553FE1 /* FirebaseAuthCombine-Community */,
				32DE62B92857B7D500553FE1 /* FirebaseDatabase */,
				32DE62BB2857B7D500553FE1 /* FirebaseDatabaseSwift */,
				32DE62BD2857B7D500553FE1 /* FirebaseFirestore */,
				32DE62BF2857B7D500553FE1 /* FirebaseFirestoreCombine-Community */,
				32DE62C12857B7D500553FE1 /* FirebaseFirestoreSwift */,
			);
			productName = SEB;
			productReference = 328F79482856142B00E65FEB /* SEB.app */;
			productType = "com.apple.product-type.application";
		};
/* End PBXNativeTarget section */

/* Begin PBXProject section */
		328F79402856142B00E65FEB /* Project object */ = {
			isa = PBXProject;
			attributes = {
				BuildIndependentTargetsInParallel = 1;
				LastSwiftUpdateCheck = 1340;
				LastUpgradeCheck = 1340;
				TargetAttributes = {
					328F79472856142B00E65FEB = {
						CreatedOnToolsVersion = 13.4;
					};
				};
			};
			buildConfigurationList = 328F79432856142B00E65FEB /* Build configuration list for PBXProject "SEB" */;
			compatibilityVersion = "Xcode 13.0";
			developmentRegion = en;
			hasScannedForEncodings = 0;
			knownRegions = (
				en,
				Base,
			);
			mainGroup = 328F793F2856142B00E65FEB;
			packageReferences = (
				32DE62B42857B7D500553FE1 /* XCRemoteSwiftPackageReference "firebase-ios-sdk" */,
			);
			productRefGroup = 328F79492856142B00E65FEB /* Products */;
			projectDirPath = "";
			projectRoot = "";
			targets = (
				328F79472856142B00E65FEB /* SEB */,
			);
		};
/* End PBXProject section */

/* Begin PBXResourcesBuildPhase section */
		328F79462856142B00E65FEB /* Resources */ = {
			isa = PBXResourcesBuildPhase;
			buildActionMask = 2147483647;
			files = (
				328F79532856142D00E65FEB /* Preview Assets.xcassets in Resources */,
				328F79502856142D00E65FEB /* Assets.xcassets in Resources */,
				32DE62C42857B8D100553FE1 /* GoogleService-Info.plist in Resources */,
			);
			runOnlyForDeploymentPostprocessing = 0;
		};
/* End PBXResourcesBuildPhase section */

/* Begin PBXShellScriptBuildPhase section */
		32D74D0828562A9B00674AFE /* SwiftLint */ = {
			isa = PBXShellScriptBuildPhase;
			alwaysOutOfDate = 1;
			buildActionMask = 2147483647;
			files = (
			);
			inputFileListPaths = (
			);
			inputPaths = (
			);
			name = SwiftLint;
			outputFileListPaths = (
			);
			outputPaths = (
			);
			runOnlyForDeploymentPostprocessing = 0;
			shellPath = /bin/sh;
			shellScript = "export PATH=\"$PATH:/opt/homebrew/bin\"\nif which swiftlint > /dev/null; then\n  swiftlint\nelse\n  echo \"warning: SwiftLint not installed, download from https://github.com/realm/SwiftLint\"\nfi\n";
		};
/* End PBXShellScriptBuildPhase section */

/* Begin PBXSourcesBuildPhase section */
		328F79442856142B00E65FEB /* Sources */ = {
			isa = PBXSourcesBuildPhase;
			buildActionMask = 2147483647;
			files = (
				328A3C0728570C8600FA0F6D /* LessonUnit+Preview.swift in Sources */,
				32DE62B12857AFC700553FE1 /* Rings.swift in Sources */,
				32D74D1028562DE700674AFE /* QuizQuestion.swift in Sources */,
				32D74D182856395100674AFE /* CourseCardView.swift in Sources */,
				328A3BFB2856667C00FA0F6D /* CourseBannerView.swift in Sources */,
				32D74D03285627C400674AFE /* UnitRichText.swift in Sources */,
				328A3C0928570DB500FA0F6D /* LessonView.swift in Sources */,
				32D74CFB2856264000674AFE /* Course.swift in Sources */,
				328A3C002856FD0F00FA0F6D /* URL+Preview.swift in Sources */,
				328F794E2856142B00E65FEB /* ContentView.swift in Sources */,
				3238FD1C285728A700550781 /* QuizOptionRichText.swift in Sources */,
				328F796A28561CC500E65FEB /* ProgressRingView.swift in Sources */,
				32830346285649E200414E6E /* CourseProgressView.swift in Sources */,
				328A3BFE2856FBF600FA0F6D /* CGFloat+SafeAreaInsets.swift in Sources */,
				3238FD152857110F00550781 /* CourseLessonRowView.swift in Sources */,
				328A3C022856FFF000FA0F6D /* CourseHeaderView.swift in Sources */,
				328303492856501C00414E6E /* ExploreView.swift in Sources */,
				328F795D28561B0D00E65FEB /* CircularProgressView.swift in Sources */,
				328F794C2856142B00E65FEB /* SEBApp.swift in Sources */,
				3283034428563CC900414E6E /* Course+Preview.swift in Sources */,
				3238FD1A2857279C00550781 /* QuizQuestion+Sample.swift in Sources */,
				32D74D12285637B400674AFE /* RichTextView.swift in Sources */,
				32D74D05285627D600674AFE /* UnitRichText+TextType.swift in Sources */,
				32D74D0E28562CFA00674AFE /* User.swift in Sources */,
				328F796128561B5A00E65FEB /* BadgesView.swift in Sources */,
				32DE62AD2857A61A00553FE1 /* Course+DummyCourse.swift in Sources */,
				32D74CFF2856271100674AFE /* CourseLesson.swift in Sources */,
				328A3C0528570AD300FA0F6D /* UnitView.swift in Sources */,
				32D74D0A28562CAB00674AFE /* UserViewModel.swift in Sources */,
				32D74CFD2856267100674AFE /* CourseCategory.swift in Sources */,
				328F796328561B6100E65FEB /* ProfileView.swift in Sources */,
				3238FD1E28573D4C00550781 /* QuizView.swift in Sources */,
				32D74D142856390600674AFE /* CoursesView.swift in Sources */,
				328F796828561C9F00E65FEB /* ProgressRingsView.swift in Sources */,
				3238FD18285726CD00550781 /* QuizQuestionView.swift in Sources */,
				328F795F28561B5100E65FEB /* LearnView.swift in Sources */,
				32D74D012856277E00674AFE /* LessonUnit.swift in Sources */,
				328A3BF82856644100FA0F6D /* CourseView.swift in Sources */,
			);
			runOnlyForDeploymentPostprocessing = 0;
		};
/* End PBXSourcesBuildPhase section */

/* Begin XCBuildConfiguration section */
		328F79542856142D00E65FEB /* Debug */ = {
			isa = XCBuildConfiguration;
			buildSettings = {
				ALWAYS_SEARCH_USER_PATHS = NO;
				CLANG_ANALYZER_NONNULL = YES;
				CLANG_ANALYZER_NUMBER_OBJECT_CONVERSION = YES_AGGRESSIVE;
				CLANG_CXX_LANGUAGE_STANDARD = "gnu++17";
				CLANG_ENABLE_MODULES = YES;
				CLANG_ENABLE_OBJC_ARC = YES;
				CLANG_ENABLE_OBJC_WEAK = YES;
				CLANG_WARN_BLOCK_CAPTURE_AUTORELEASING = YES;
				CLANG_WARN_BOOL_CONVERSION = YES;
				CLANG_WARN_COMMA = YES;
				CLANG_WARN_CONSTANT_CONVERSION = YES;
				CLANG_WARN_DEPRECATED_OBJC_IMPLEMENTATIONS = YES;
				CLANG_WARN_DIRECT_OBJC_ISA_USAGE = YES_ERROR;
				CLANG_WARN_DOCUMENTATION_COMMENTS = YES;
				CLANG_WARN_EMPTY_BODY = YES;
				CLANG_WARN_ENUM_CONVERSION = YES;
				CLANG_WARN_INFINITE_RECURSION = YES;
				CLANG_WARN_INT_CONVERSION = YES;
				CLANG_WARN_NON_LITERAL_NULL_CONVERSION = YES;
				CLANG_WARN_OBJC_IMPLICIT_RETAIN_SELF = YES;
				CLANG_WARN_OBJC_LITERAL_CONVERSION = YES;
				CLANG_WARN_OBJC_ROOT_CLASS = YES_ERROR;
				CLANG_WARN_QUOTED_INCLUDE_IN_FRAMEWORK_HEADER = YES;
				CLANG_WARN_RANGE_LOOP_ANALYSIS = YES;
				CLANG_WARN_STRICT_PROTOTYPES = YES;
				CLANG_WARN_SUSPICIOUS_MOVE = YES;
				CLANG_WARN_UNGUARDED_AVAILABILITY = YES_AGGRESSIVE;
				CLANG_WARN_UNREACHABLE_CODE = YES;
				CLANG_WARN__DUPLICATE_METHOD_MATCH = YES;
				COPY_PHASE_STRIP = NO;
				DEBUG_INFORMATION_FORMAT = dwarf;
				ENABLE_STRICT_OBJC_MSGSEND = YES;
				ENABLE_TESTABILITY = YES;
				GCC_C_LANGUAGE_STANDARD = gnu11;
				GCC_DYNAMIC_NO_PIC = NO;
				GCC_NO_COMMON_BLOCKS = YES;
				GCC_OPTIMIZATION_LEVEL = 0;
				GCC_PREPROCESSOR_DEFINITIONS = (
					"DEBUG=1",
					"$(inherited)",
				);
				GCC_WARN_64_TO_32_BIT_CONVERSION = YES;
				GCC_WARN_ABOUT_RETURN_TYPE = YES_ERROR;
				GCC_WARN_UNDECLARED_SELECTOR = YES;
				GCC_WARN_UNINITIALIZED_AUTOS = YES_AGGRESSIVE;
				GCC_WARN_UNUSED_FUNCTION = YES;
				GCC_WARN_UNUSED_VARIABLE = YES;
				IPHONEOS_DEPLOYMENT_TARGET = 15.5;
				MTL_ENABLE_DEBUG_INFO = INCLUDE_SOURCE;
				MTL_FAST_MATH = YES;
				ONLY_ACTIVE_ARCH = YES;
				SDKROOT = iphoneos;
				SWIFT_ACTIVE_COMPILATION_CONDITIONS = DEBUG;
				SWIFT_OPTIMIZATION_LEVEL = "-Onone";
			};
			name = Debug;
		};
		328F79552856142D00E65FEB /* Release */ = {
			isa = XCBuildConfiguration;
			buildSettings = {
				ALWAYS_SEARCH_USER_PATHS = NO;
				CLANG_ANALYZER_NONNULL = YES;
				CLANG_ANALYZER_NUMBER_OBJECT_CONVERSION = YES_AGGRESSIVE;
				CLANG_CXX_LANGUAGE_STANDARD = "gnu++17";
				CLANG_ENABLE_MODULES = YES;
				CLANG_ENABLE_OBJC_ARC = YES;
				CLANG_ENABLE_OBJC_WEAK = YES;
				CLANG_WARN_BLOCK_CAPTURE_AUTORELEASING = YES;
				CLANG_WARN_BOOL_CONVERSION = YES;
				CLANG_WARN_COMMA = YES;
				CLANG_WARN_CONSTANT_CONVERSION = YES;
				CLANG_WARN_DEPRECATED_OBJC_IMPLEMENTATIONS = YES;
				CLANG_WARN_DIRECT_OBJC_ISA_USAGE = YES_ERROR;
				CLANG_WARN_DOCUMENTATION_COMMENTS = YES;
				CLANG_WARN_EMPTY_BODY = YES;
				CLANG_WARN_ENUM_CONVERSION = YES;
				CLANG_WARN_INFINITE_RECURSION = YES;
				CLANG_WARN_INT_CONVERSION = YES;
				CLANG_WARN_NON_LITERAL_NULL_CONVERSION = YES;
				CLANG_WARN_OBJC_IMPLICIT_RETAIN_SELF = YES;
				CLANG_WARN_OBJC_LITERAL_CONVERSION = YES;
				CLANG_WARN_OBJC_ROOT_CLASS = YES_ERROR;
				CLANG_WARN_QUOTED_INCLUDE_IN_FRAMEWORK_HEADER = YES;
				CLANG_WARN_RANGE_LOOP_ANALYSIS = YES;
				CLANG_WARN_STRICT_PROTOTYPES = YES;
				CLANG_WARN_SUSPICIOUS_MOVE = YES;
				CLANG_WARN_UNGUARDED_AVAILABILITY = YES_AGGRESSIVE;
				CLANG_WARN_UNREACHABLE_CODE = YES;
				CLANG_WARN__DUPLICATE_METHOD_MATCH = YES;
				COPY_PHASE_STRIP = NO;
				DEBUG_INFORMATION_FORMAT = "dwarf-with-dsym";
				ENABLE_NS_ASSERTIONS = NO;
				ENABLE_STRICT_OBJC_MSGSEND = YES;
				GCC_C_LANGUAGE_STANDARD = gnu11;
				GCC_NO_COMMON_BLOCKS = YES;
				GCC_WARN_64_TO_32_BIT_CONVERSION = YES;
				GCC_WARN_ABOUT_RETURN_TYPE = YES_ERROR;
				GCC_WARN_UNDECLARED_SELECTOR = YES;
				GCC_WARN_UNINITIALIZED_AUTOS = YES_AGGRESSIVE;
				GCC_WARN_UNUSED_FUNCTION = YES;
				GCC_WARN_UNUSED_VARIABLE = YES;
				IPHONEOS_DEPLOYMENT_TARGET = 15.5;
				MTL_ENABLE_DEBUG_INFO = NO;
				MTL_FAST_MATH = YES;
				SDKROOT = iphoneos;
				SWIFT_COMPILATION_MODE = wholemodule;
				SWIFT_OPTIMIZATION_LEVEL = "-O";
				VALIDATE_PRODUCT = YES;
			};
			name = Release;
		};
		328F79572856142D00E65FEB /* Debug */ = {
			isa = XCBuildConfiguration;
			buildSettings = {
				ASSETCATALOG_COMPILER_APPICON_NAME = AppIcon;
				ASSETCATALOG_COMPILER_GLOBAL_ACCENT_COLOR_NAME = AccentColor;
				CODE_SIGN_STYLE = Automatic;
				CURRENT_PROJECT_VERSION = 1;
				DEVELOPMENT_ASSET_PATHS = "\"SEB/Preview Content\"";
				DEVELOPMENT_TEAM = XL5JK4F896;
				ENABLE_PREVIEWS = YES;
				GENERATE_INFOPLIST_FILE = YES;
				INFOPLIST_KEY_UIApplicationSceneManifest_Generation = YES;
				INFOPLIST_KEY_UIApplicationSupportsIndirectInputEvents = YES;
				INFOPLIST_KEY_UILaunchScreen_Generation = YES;
				INFOPLIST_KEY_UISupportedInterfaceOrientations_iPad = "UIInterfaceOrientationPortrait UIInterfaceOrientationPortraitUpsideDown UIInterfaceOrientationLandscapeLeft UIInterfaceOrientationLandscapeRight";
				INFOPLIST_KEY_UISupportedInterfaceOrientations_iPhone = "UIInterfaceOrientationPortrait UIInterfaceOrientationLandscapeLeft UIInterfaceOrientationLandscapeRight";
				LD_RUNPATH_SEARCH_PATHS = (
					"$(inherited)",
					"@executable_path/Frameworks",
				);
				MARKETING_VERSION = 1.0;
				PRODUCT_BUNDLE_IDENTIFIER = sg.tk.SEB;
				PRODUCT_NAME = "$(TARGET_NAME)";
				SWIFT_EMIT_LOC_STRINGS = YES;
				SWIFT_VERSION = 5.0;
				TARGETED_DEVICE_FAMILY = "1,2";
			};
			name = Debug;
		};
		328F79582856142D00E65FEB /* Release */ = {
			isa = XCBuildConfiguration;
			buildSettings = {
				ASSETCATALOG_COMPILER_APPICON_NAME = AppIcon;
				ASSETCATALOG_COMPILER_GLOBAL_ACCENT_COLOR_NAME = AccentColor;
				CODE_SIGN_STYLE = Automatic;
				CURRENT_PROJECT_VERSION = 1;
				DEVELOPMENT_ASSET_PATHS = "\"SEB/Preview Content\"";
				DEVELOPMENT_TEAM = XL5JK4F896;
				ENABLE_PREVIEWS = YES;
				GENERATE_INFOPLIST_FILE = YES;
				INFOPLIST_KEY_UIApplicationSceneManifest_Generation = YES;
				INFOPLIST_KEY_UIApplicationSupportsIndirectInputEvents = YES;
				INFOPLIST_KEY_UILaunchScreen_Generation = YES;
				INFOPLIST_KEY_UISupportedInterfaceOrientations_iPad = "UIInterfaceOrientationPortrait UIInterfaceOrientationPortraitUpsideDown UIInterfaceOrientationLandscapeLeft UIInterfaceOrientationLandscapeRight";
				INFOPLIST_KEY_UISupportedInterfaceOrientations_iPhone = "UIInterfaceOrientationPortrait UIInterfaceOrientationLandscapeLeft UIInterfaceOrientationLandscapeRight";
				LD_RUNPATH_SEARCH_PATHS = (
					"$(inherited)",
					"@executable_path/Frameworks",
				);
				MARKETING_VERSION = 1.0;
				PRODUCT_BUNDLE_IDENTIFIER = sg.tk.SEB;
				PRODUCT_NAME = "$(TARGET_NAME)";
				SWIFT_EMIT_LOC_STRINGS = YES;
				SWIFT_VERSION = 5.0;
				TARGETED_DEVICE_FAMILY = "1,2";
			};
			name = Release;
		};
/* End XCBuildConfiguration section */

/* Begin XCConfigurationList section */
		328F79432856142B00E65FEB /* Build configuration list for PBXProject "SEB" */ = {
			isa = XCConfigurationList;
			buildConfigurations = (
				328F79542856142D00E65FEB /* Debug */,
				328F79552856142D00E65FEB /* Release */,
			);
			defaultConfigurationIsVisible = 0;
			defaultConfigurationName = Release;
		};
		328F79562856142D00E65FEB /* Build configuration list for PBXNativeTarget "SEB" */ = {
			isa = XCConfigurationList;
			buildConfigurations = (
				328F79572856142D00E65FEB /* Debug */,
				328F79582856142D00E65FEB /* Release */,
			);
			defaultConfigurationIsVisible = 0;
			defaultConfigurationName = Release;
		};
/* End XCConfigurationList section */

/* Begin XCRemoteSwiftPackageReference section */
		32DE62B42857B7D500553FE1 /* XCRemoteSwiftPackageReference "firebase-ios-sdk" */ = {
			isa = XCRemoteSwiftPackageReference;
			repositoryURL = "https://github.com/firebase/firebase-ios-sdk";
			requirement = {
				kind = upToNextMajorVersion;
				minimumVersion = 9.0.0;
			};
		};
/* End XCRemoteSwiftPackageReference section */

/* Begin XCSwiftPackageProductDependency section */
		32DE62B52857B7D500553FE1 /* FirebaseAuth */ = {
			isa = XCSwiftPackageProductDependency;
			package = 32DE62B42857B7D500553FE1 /* XCRemoteSwiftPackageReference "firebase-ios-sdk" */;
			productName = FirebaseAuth;
		};
		32DE62B72857B7D500553FE1 /* FirebaseAuthCombine-Community */ = {
			isa = XCSwiftPackageProductDependency;
			package = 32DE62B42857B7D500553FE1 /* XCRemoteSwiftPackageReference "firebase-ios-sdk" */;
			productName = "FirebaseAuthCombine-Community";
		};
		32DE62B92857B7D500553FE1 /* FirebaseDatabase */ = {
			isa = XCSwiftPackageProductDependency;
			package = 32DE62B42857B7D500553FE1 /* XCRemoteSwiftPackageReference "firebase-ios-sdk" */;
			productName = FirebaseDatabase;
		};
		32DE62BB2857B7D500553FE1 /* FirebaseDatabaseSwift */ = {
			isa = XCSwiftPackageProductDependency;
			package = 32DE62B42857B7D500553FE1 /* XCRemoteSwiftPackageReference "firebase-ios-sdk" */;
			productName = FirebaseDatabaseSwift;
		};
		32DE62BD2857B7D500553FE1 /* FirebaseFirestore */ = {
			isa = XCSwiftPackageProductDependency;
			package = 32DE62B42857B7D500553FE1 /* XCRemoteSwiftPackageReference "firebase-ios-sdk" */;
			productName = FirebaseFirestore;
		};
		32DE62BF2857B7D500553FE1 /* FirebaseFirestoreCombine-Community */ = {
			isa = XCSwiftPackageProductDependency;
			package = 32DE62B42857B7D500553FE1 /* XCRemoteSwiftPackageReference "firebase-ios-sdk" */;
			productName = "FirebaseFirestoreCombine-Community";
		};
		32DE62C12857B7D500553FE1 /* FirebaseFirestoreSwift */ = {
			isa = XCSwiftPackageProductDependency;
			package = 32DE62B42857B7D500553FE1 /* XCRemoteSwiftPackageReference "firebase-ios-sdk" */;
			productName = FirebaseFirestoreSwift;
		};
/* End XCSwiftPackageProductDependency section */
	};
	rootObject = 328F79402856142B00E65FEB /* Project object */;
}
